
Microsoft Visual Studio Solution File, Format Version 12.00
# Visual Studio Version 16
VisualStudioVersion = 16.0.30804.86
MinimumVisualStudioVersion = 10.0.40219.1
Project("{FAE04EC0-301F-11D3-BF4B-00C04F79EFBC}") = "ProductManagement", "ProductManagement.csproj", "{6B3A83B7-7548-46C5-B4FF-520B7E39C045}"
EndProject
Project("{FAE04EC0-301F-11D3-BF4B-00C04F79EFBC}") = "ProductManagement.Tests", "..\ProductManagement.Tests\ProductManagement.Tests.csproj", "{B330D6F2-B6D7-4C2E-9C9B-4DD6C24FEA8D}"
EndProject
Global
	GlobalSection(SolutionConfigurationPlatforms) = preSolution
		Debug|Any CPU = Debug|Any CPU
		Release|Any CPU = Release|Any CPU
	EndGlobalSection
	GlobalSection(ProjectConfigurationPlatforms) = postSolution
		{6B3A83B7-7548-46C5-B4FF-520B7E39C045}.Debug|Any CPU.ActiveCfg = Debug|Any CPU
		{6B3A83B7-7548-46C5-B4FF-520B7E39C045}.Debug|Any CPU.Build.0 = Debug|Any CPU
		{6B3A83B7-7548-46C5-B4FF-520B7E39C045}.Release|Any CPU.ActiveCfg = Release|Any CPU
		{6B3A83B7-7548-46C5-B4FF-520B7E39C045}.Release|Any CPU.Build.0 = Release|Any CPU
		{B330D6F2-B6D7-4C2E-9C9B-4DD6C24FEA8D}.Debug|Any CPU.ActiveCfg = Debug|Any CPU
		{B330D6F2-B6D7-4C2E-9C9B-4DD6C24FEA8D}.Debug|Any CPU.Build.0 = Debug|Any CPU
		{B330D6F2-B6D7-4C2E-9C9B-4DD6C24FEA8D}.Release|Any CPU.ActiveCfg = Release|Any CPU
		{B330D6F2-B6D7-4C2E-9C9B-4DD6C24FEA8D}.Release|Any CPU.Build.0 = Release|Any CPU
	EndGlobalSection
	GlobalSection(SolutionProperties) = preSolution
		HideSolutionNode = FALSE
	EndGlobalSection
	GlobalSection(ExtensibilityGlobals) = postSolution
		SolutionGuid = {B091BA83-FAF3-4C31-A39A-E2E8D3BE6BDB}
	EndGlobalSection
EndGlobal
